
Microsoft Visual Studio Solution File, Format Version 12.00
# Visual Studio Version 16
VisualStudioVersion = 16.0.31729.503
MinimumVisualStudioVersion = 10.0.40219.1
Project("{FAE04EC0-301F-11D3-BF4B-00C04F79EFBC}") = "IlkMasaustuProjem", "IlkMasaustuProjem\IlkMasaustuProjem.csproj", "{28881D25-F494-4F01-8073-8F582826C377}"
EndProject
Global
	GlobalSection(SolutionConfigurationPlatforms) = preSolution
		Debug|Any CPU = Debug|Any CPU
		Release|Any CPU = Release|Any CPU
	EndGlobalSection
	GlobalSection(ProjectConfigurationPlatforms) = postSolution
		{28881D25-F494-4F01-8073-8F582826C377}.Debug|Any CPU.ActiveCfg = Debug|Any CPU
		{28881D25-F494-4F01-8073-8F582826C377}.Debug|Any CPU.Build.0 = Debug|Any CPU
		{28881D25-F494-4F01-8073-8F582826C377}.Release|Any CPU.ActiveCfg = Release|Any CPU
		{28881D25-F494-4F01-8073-8F582826C377}.Release|Any CPU.Build.0 = Release|Any CPU
	EndGlobalSection
	GlobalSection(SolutionProperties) = preSolution
		HideSolutionNode = FALSE
	EndGlobalSection
	GlobalSection(ExtensibilityGlobals) = postSolution
		SolutionGuid = {E6865E18-2847-46EA-A398-C7FB99A324C6}
	EndGlobalSection
EndGlobal
